{
  "version": 4,
  "terraform_version": "1.1.7",
  "serial": 7,
  "lineage": "c436555a-616b-918a-0599-f92dfa3a0498",
  "outputs": {},
  "resources": [
    {
      "mode": "managed",
      "type": "aws_db_instance",
      "name": "default",
      "provider": "provider[\"registry.terraform.io/hashicorp/aws\"]",
      "instances": [
        {
          "schema_version": 1,
          "attributes": {
            "address": "dbrsnterraform.cpamydqcais6.us-east-1.rds.amazonaws.com",
            "allocated_storage": 20,
            "allow_major_version_upgrade": null,
            "apply_immediately": null,
            "arn": "arn:aws:rds:us-east-1:904394614193:db:dbrsnterraform",
            "auto_minor_version_upgrade": true,
            "availability_zone": "us-east-1b",
            "backup_retention_period": 0,
            "backup_window": "04:32-05:02",
            "ca_cert_identifier": "rds-ca-2019",
            "character_set_name": null,
            "copy_tags_to_snapshot": false,
            "db_subnet_group_name": "default",
            "delete_automated_backups": true,
            "deletion_protection": false,
            "domain": "",
            "domain_iam_role_name": "",
            "enabled_cloudwatch_logs_exports": [],
            "endpoint": "dbrsnterraform.cpamydqcais6.us-east-1.rds.amazonaws.com:3306",
            "engine": "mysql",
            "engine_version": "8.0.28",
            "final_snapshot_identifier": null,
            "hosted_zone_id": "Z2R2ITUGPM61AM",
            "iam_database_authentication_enabled": false,
            "id": "dbrsnterraform",
            "identifier": "dbrsnterraform",
            "identifier_prefix": null,
            "instance_class": "db.t3.micro",
            "iops": 0,
            "kms_key_id": "",
            "license_model": "general-public-license",
            "maintenance_window": "sat:07:14-sat:07:44",
            "max_allocated_storage": 0,
            "monitoring_interval": 0,
            "monitoring_role_arn": "",
            "multi_az": false,
            "name": "db_rsn_terraform",
            "option_group_name": "default:mysql-8-0",
            "parameter_group_name": "default.mysql8.0",
            "password": "romainsafanori",
            "performance_insights_enabled": false,
            "performance_insights_kms_key_id": "",
            "performance_insights_retention_period": 0,
            "port": 3306,
            "publicly_accessible": false,
            "replicas": [],
            "replicate_source_db": "",
            "resource_id": "db-2H4NG7ILD5TZBBP5R7E7EEYZG4",
            "s3_import": [],
            "security_group_names": [],
            "skip_final_snapshot": false,
            "snapshot_identifier": null,
            "status": "available",
            "storage_encrypted": false,
            "storage_type": "gp2",
            "tags": {},
            "timeouts": null,
            "timezone": "",
            "username": "admin",
            "vpc_security_group_ids": [
              "sg-0eb954e5ef1a622ff"
            ]
          },
          "sensitive_attributes": [],
          "private": "eyJlMmJmYjczMC1lY2FhLTExZTYtOGY4OC0zNDM2M2JjN2M0YzAiOnsiY3JlYXRlIjoyNDAwMDAwMDAwMDAwLCJkZWxldGUiOjI0MDAwMDAwMDAwMDAsInVwZGF0ZSI6NDgwMDAwMDAwMDAwMH0sInNjaGVtYV92ZXJzaW9uIjoiMSJ9"
        }
      ]
    },
    {
      "mode": "managed",
      "type": "aws_key_pair",
      "name": "admin2",
      "provider": "provider[\"registry.terraform.io/hashicorp/aws\"]",
      "instances": [
        {
          "schema_version": 1,
          "attributes": {
            "arn": "arn:aws:ec2:us-east-1:904394614193:key-pair/admin2",
            "fingerprint": "10:35:6f:67:fc:9b:89:db:ed:40:9f:04:c3:42:91:33",
            "id": "admin2",
            "key_name": "admin2",
            "key_name_prefix": null,
            "key_pair_id": "key-00bae3e00bcfb521b",
            "public_key": "ssh-rsa AAAAB3NzaC1yc2EAAAADAQABAAABgQDH5D6Pewy4NQCla3nqA4TF0IbPATZ5Fk/7bdiS8uMbmzVpFZeCp/2B1AAVw8QSzVML/vc5Z7PQF4QNxNELDI2B7uvGrrtjStAFJ/s3SFyuVoR9nDI5k/7c/H8/ec5qYGiCUJD/V42Z0dPVNFLp8/CRHtpRNDQmaRILTnr7JBH7QQMd5BIWaLUDd+WCVBj4MNcvWZcHwh25VRFxIjvoq/zRdEgvn2OE5f1qxqICwgiDM4fWzEHmLGXnfYmU3CAPuz2+pi+mMMkffymPQIUsg6/o1meNWSKfMEzxpK2VW96QiQWJgvcOIk31PnB9tzP6JzXwPDMhz/kmlv9LuebxdWfJhty0vHCvjpMJ+gKUPcCHoFWF1eei9cC53EnXq55DiR90NNqPXyE5FjVOsBnryTGgkMeQA5/9rVW34YZIKvjpXIeGQYUj9s+i81kT75iRqFqGajZKSS6ATaezHnfr7ienoASIMLH0xrPjnGHWn/Y7KE0eTy8hvamV69Rg51LFNL0= tnori@DESKTOP-596T0CS",
            "tags": null
          },
          "sensitive_attributes": [],
          "private": "eyJzY2hlbWFfdmVyc2lvbiI6IjEifQ=="
        }
      ]
    }
  ]
}
